// !$*UTF8*$!
{
	archiveVersion = 1;
	classes = {
	};
	objectVersion = 56;
	objects = {

/* Begin PBXBuildFile section */
		1CB4C0642A12AE8F004E9410 /* WeekButtonView.swift in Sources */ = {isa = PBXBuildFile; fileRef = 1CB4C0632A12AE8F004E9410 /* WeekButtonView.swift */; };
		1CB4C0662A12AE9D004E9410 /* TransportView.swift in Sources */ = {isa = PBXBuildFile; fileRef = 1CB4C0652A12AE9D004E9410 /* TransportView.swift */; };
		1CB4C0682A12AEAB004E9410 /* FilterCardView.swift in Sources */ = {isa = PBXBuildFile; fileRef = 1CB4C0672A12AEAB004E9410 /* FilterCardView.swift */; };
		1CB4C06A2A12AEB9004E9410 /* RouteSelectionView.swift in Sources */ = {isa = PBXBuildFile; fileRef = 1CB4C0692A12AEB9004E9410 /* RouteSelectionView.swift */; };
		1CB4C06C2A12AEC7004E9410 /* TimeSelectionView.swift in Sources */ = {isa = PBXBuildFile; fileRef = 1CB4C06B2A12AEC7004E9410 /* TimeSelectionView.swift */; };
		1CB4C06E2A12AED9004E9410 /* AddressCardView.swift in Sources */ = {isa = PBXBuildFile; fileRef = 1CB4C06D2A12AED9004E9410 /* AddressCardView.swift */; };
		1CB4C0702A12AF55004E9410 /* BuscarView.swift in Sources */ = {isa = PBXBuildFile; fileRef = 1CB4C06F2A12AF55004E9410 /* BuscarView.swift */; };
		1CB4C0722A12AF75004E9410 /* AddressSearchView.swift in Sources */ = {isa = PBXBuildFile; fileRef = 1CB4C0712A12AF75004E9410 /* AddressSearchView.swift */; };
		1CB4C0742A12AF8E004E9410 /* FilteredGroupView.swift in Sources */ = {isa = PBXBuildFile; fileRef = 1CB4C0732A12AF8E004E9410 /* FilteredGroupView.swift */; };
		7B7E33842A0D81A500B70DE8 /* FeedView.swift in Sources */ = {isa = PBXBuildFile; fileRef = 7B7E33832A0D81A500B70DE8 /* FeedView.swift */; };
		7B7E33872A0D81CD00B70DE8 /* Group.swift in Sources */ = {isa = PBXBuildFile; fileRef = 7B7E33862A0D81CD00B70DE8 /* Group.swift */; };
		7B7E33892A0D81EB00B70DE8 /* Person.swift in Sources */ = {isa = PBXBuildFile; fileRef = 7B7E33882A0D81EB00B70DE8 /* Person.swift */; };
		7B7E338E2A0D82E500B70DE8 /* GroupRow.swift in Sources */ = {isa = PBXBuildFile; fileRef = 7B7E338D2A0D82E500B70DE8 /* GroupRow.swift */; };
		7B7E33902A0D83B200B70DE8 /* TabBarView.swift in Sources */ = {isa = PBXBuildFile; fileRef = 7B7E338F2A0D83B200B70DE8 /* TabBarView.swift */; };
		7B7E33922A0D845400B70DE8 /* CombinadosView.swift in Sources */ = {isa = PBXBuildFile; fileRef = 7B7E33912A0D845400B70DE8 /* CombinadosView.swift */; };
		7B7E33942A0D94F800B70DE8 /* PerfilView.swift in Sources */ = {isa = PBXBuildFile; fileRef = 7B7E33932A0D94F800B70DE8 /* PerfilView.swift */; };
		7BCC127F2A12BD1200AAC6AF /* GroupDetailsView.swift in Sources */ = {isa = PBXBuildFile; fileRef = 7BCC127E2A12BD1200AAC6AF /* GroupDetailsView.swift */; };
		7BCC12812A12C5A500AAC6AF /* WeekView.swift in Sources */ = {isa = PBXBuildFile; fileRef = 7BCC12802A12C5A500AAC6AF /* WeekView.swift */; };
		7BCC12832A13F6D300AAC6AF /* CreateGroupView.swift in Sources */ = {isa = PBXBuildFile; fileRef = 7BCC12822A13F6D200AAC6AF /* CreateGroupView.swift */; };
		B1CA3AB22A0C23AF00E8495F /* AppCaronasApp.swift in Sources */ = {isa = PBXBuildFile; fileRef = B1CA3AB12A0C23AF00E8495F /* AppCaronasApp.swift */; };
		B1CA3AB42A0C23AF00E8495F /* ContentView.swift in Sources */ = {isa = PBXBuildFile; fileRef = B1CA3AB32A0C23AF00E8495F /* ContentView.swift */; };
		B1CA3AB62A0C23B000E8495F /* Assets.xcassets in Resources */ = {isa = PBXBuildFile; fileRef = B1CA3AB52A0C23B000E8495F /* Assets.xcassets */; };
		B1CA3AB92A0C23B000E8495F /* Preview Assets.xcassets in Resources */ = {isa = PBXBuildFile; fileRef = B1CA3AB82A0C23B000E8495F /* Preview Assets.xcassets */; };
		B1CA3AC12A0C24B000E8495F /* CloudKitUtility.swift in Sources */ = {isa = PBXBuildFile; fileRef = B1CA3AC02A0C24B000E8495F /* CloudKitUtility.swift */; };
		B1CA3AC32A0C253900E8495F /* GroupCRUD.swift in Sources */ = {isa = PBXBuildFile; fileRef = B1CA3AC22A0C253900E8495F /* GroupCRUD.swift */; };
/* End PBXBuildFile section */

/* Begin PBXFileReference section */
		1CB4C0632A12AE8F004E9410 /* WeekButtonView.swift */ = {isa = PBXFileReference; lastKnownFileType = sourcecode.swift; path = WeekButtonView.swift; sourceTree = "<group>"; };
		1CB4C0652A12AE9D004E9410 /* TransportView.swift */ = {isa = PBXFileReference; lastKnownFileType = sourcecode.swift; path = TransportView.swift; sourceTree = "<group>"; };
		1CB4C0672A12AEAB004E9410 /* FilterCardView.swift */ = {isa = PBXFileReference; lastKnownFileType = sourcecode.swift; path = FilterCardView.swift; sourceTree = "<group>"; };
		1CB4C0692A12AEB9004E9410 /* RouteSelectionView.swift */ = {isa = PBXFileReference; lastKnownFileType = sourcecode.swift; path = RouteSelectionView.swift; sourceTree = "<group>"; };
		1CB4C06B2A12AEC7004E9410 /* TimeSelectionView.swift */ = {isa = PBXFileReference; lastKnownFileType = sourcecode.swift; path = TimeSelectionView.swift; sourceTree = "<group>"; };
		1CB4C06D2A12AED9004E9410 /* AddressCardView.swift */ = {isa = PBXFileReference; lastKnownFileType = sourcecode.swift; path = AddressCardView.swift; sourceTree = "<group>"; };
		1CB4C06F2A12AF55004E9410 /* BuscarView.swift */ = {isa = PBXFileReference; lastKnownFileType = sourcecode.swift; path = BuscarView.swift; sourceTree = "<group>"; };
		1CB4C0712A12AF75004E9410 /* AddressSearchView.swift */ = {isa = PBXFileReference; lastKnownFileType = sourcecode.swift; path = AddressSearchView.swift; sourceTree = "<group>"; };
		1CB4C0732A12AF8E004E9410 /* FilteredGroupView.swift */ = {isa = PBXFileReference; lastKnownFileType = sourcecode.swift; path = FilteredGroupView.swift; sourceTree = "<group>"; };
		7B7E33832A0D81A500B70DE8 /* FeedView.swift */ = {isa = PBXFileReference; lastKnownFileType = sourcecode.swift; path = FeedView.swift; sourceTree = "<group>"; };
		7B7E33862A0D81CD00B70DE8 /* Group.swift */ = {isa = PBXFileReference; lastKnownFileType = sourcecode.swift; path = Group.swift; sourceTree = "<group>"; };
		7B7E33882A0D81EB00B70DE8 /* Person.swift */ = {isa = PBXFileReference; lastKnownFileType = sourcecode.swift; path = Person.swift; sourceTree = "<group>"; };
		7B7E338D2A0D82E500B70DE8 /* GroupRow.swift */ = {isa = PBXFileReference; lastKnownFileType = sourcecode.swift; path = GroupRow.swift; sourceTree = "<group>"; };
		7B7E338F2A0D83B200B70DE8 /* TabBarView.swift */ = {isa = PBXFileReference; lastKnownFileType = sourcecode.swift; path = TabBarView.swift; sourceTree = "<group>"; };
		7B7E33912A0D845400B70DE8 /* CombinadosView.swift */ = {isa = PBXFileReference; lastKnownFileType = sourcecode.swift; path = CombinadosView.swift; sourceTree = "<group>"; };
		7B7E33932A0D94F800B70DE8 /* PerfilView.swift */ = {isa = PBXFileReference; lastKnownFileType = sourcecode.swift; path = PerfilView.swift; sourceTree = "<group>"; };
		7BCC127E2A12BD1200AAC6AF /* GroupDetailsView.swift */ = {isa = PBXFileReference; lastKnownFileType = sourcecode.swift; path = GroupDetailsView.swift; sourceTree = "<group>"; };
		7BCC12802A12C5A500AAC6AF /* WeekView.swift */ = {isa = PBXFileReference; lastKnownFileType = sourcecode.swift; path = WeekView.swift; sourceTree = "<group>"; };
		7BCC12822A13F6D200AAC6AF /* CreateGroupView.swift */ = {isa = PBXFileReference; lastKnownFileType = sourcecode.swift; path = CreateGroupView.swift; sourceTree = "<group>"; };
		B1CA3AAE2A0C23AF00E8495F /* AppCaronas.app */ = {isa = PBXFileReference; explicitFileType = wrapper.application; includeInIndex = 0; path = AppCaronas.app; sourceTree = BUILT_PRODUCTS_DIR; };
		B1CA3AB12A0C23AF00E8495F /* AppCaronasApp.swift */ = {isa = PBXFileReference; lastKnownFileType = sourcecode.swift; path = AppCaronasApp.swift; sourceTree = "<group>"; };
		B1CA3AB32A0C23AF00E8495F /* ContentView.swift */ = {isa = PBXFileReference; lastKnownFileType = sourcecode.swift; path = ContentView.swift; sourceTree = "<group>"; };
		B1CA3AB52A0C23B000E8495F /* Assets.xcassets */ = {isa = PBXFileReference; lastKnownFileType = folder.assetcatalog; path = Assets.xcassets; sourceTree = "<group>"; };
		B1CA3AB82A0C23B000E8495F /* Preview Assets.xcassets */ = {isa = PBXFileReference; lastKnownFileType = folder.assetcatalog; path = "Preview Assets.xcassets"; sourceTree = "<group>"; };
		B1CA3AC02A0C24B000E8495F /* CloudKitUtility.swift */ = {isa = PBXFileReference; lastKnownFileType = sourcecode.swift; path = CloudKitUtility.swift; sourceTree = "<group>"; };
		B1CA3AC22A0C253900E8495F /* GroupCRUD.swift */ = {isa = PBXFileReference; lastKnownFileType = sourcecode.swift; path = GroupCRUD.swift; sourceTree = "<group>"; };
		B1CA3AC42A0C2B6100E8495F /* AppCaronas.entitlements */ = {isa = PBXFileReference; lastKnownFileType = text.plist.entitlements; path = AppCaronas.entitlements; sourceTree = "<group>"; };
/* End PBXFileReference section */

/* Begin PBXFrameworksBuildPhase section */
		B1CA3AAB2A0C23AF00E8495F /* Frameworks */ = {
			isa = PBXFrameworksBuildPhase;
			buildActionMask = 2147483647;
			files = (
			);
			runOnlyForDeploymentPostprocessing = 0;
		};
/* End PBXFrameworksBuildPhase section */

/* Begin PBXGroup section */
		7B7E33822A0D818F00B70DE8 /* Views */ = {
			isa = PBXGroup;
			children = (
				7B7E33832A0D81A500B70DE8 /* FeedView.swift */,
				7B7E338F2A0D83B200B70DE8 /* TabBarView.swift */,
				7B7E33912A0D845400B70DE8 /* CombinadosView.swift */,
				1CB4C06F2A12AF55004E9410 /* BuscarView.swift */,
				1CB4C0712A12AF75004E9410 /* AddressSearchView.swift */,
				1CB4C0732A12AF8E004E9410 /* FilteredGroupView.swift */,
				7B7E33932A0D94F800B70DE8 /* PerfilView.swift */,
				7BCC127E2A12BD1200AAC6AF /* GroupDetailsView.swift */,
				7BCC12822A13F6D200AAC6AF /* CreateGroupView.swift */,
			);
			path = Views;
			sourceTree = "<group>";
		};
		7B7E33852A0D81C100B70DE8 /* Model */ = {
			isa = PBXGroup;
			children = (
				7B7E33862A0D81CD00B70DE8 /* Group.swift */,
				7B7E33882A0D81EB00B70DE8 /* Person.swift */,
			);
			path = Model;
			sourceTree = "<group>";
		};
		7B7E338C2A0D82D100B70DE8 /* Components */ = {
			isa = PBXGroup;
			children = (
				7B7E338D2A0D82E500B70DE8 /* GroupRow.swift */,
				1CB4C0632A12AE8F004E9410 /* WeekButtonView.swift */,
				1CB4C0652A12AE9D004E9410 /* TransportView.swift */,
				1CB4C0672A12AEAB004E9410 /* FilterCardView.swift */,
				1CB4C0692A12AEB9004E9410 /* RouteSelectionView.swift */,
				1CB4C06B2A12AEC7004E9410 /* TimeSelectionView.swift */,
				1CB4C06D2A12AED9004E9410 /* AddressCardView.swift */,
				7BCC12802A12C5A500AAC6AF /* WeekView.swift */,
			);
			path = Components;
			sourceTree = "<group>";
		};
		B1CA3AA52A0C23AE00E8495F = {
			isa = PBXGroup;
			children = (
				B1CA3AB02A0C23AF00E8495F /* AppCaronas */,
				B1CA3AAF2A0C23AF00E8495F /* Products */,
			);
			sourceTree = "<group>";
		};
		B1CA3AAF2A0C23AF00E8495F /* Products */ = {
			isa = PBXGroup;
			children = (
				B1CA3AAE2A0C23AF00E8495F /* AppCaronas.app */,
			);
			name = Products;
			sourceTree = "<group>";
		};
		B1CA3AB02A0C23AF00E8495F /* AppCaronas */ = {
			isa = PBXGroup;
			children = (
				B1CA3AC42A0C2B6100E8495F /* AppCaronas.entitlements */,
				B1CA3ABF2A0C249B00E8495F /* CloudKit */,
				7B7E338C2A0D82D100B70DE8 /* Components */,
				7B7E33852A0D81C100B70DE8 /* Model */,
				7B7E33822A0D818F00B70DE8 /* Views */,
				B1CA3AB12A0C23AF00E8495F /* AppCaronasApp.swift */,
				B1CA3AB32A0C23AF00E8495F /* ContentView.swift */,
				B1CA3AB52A0C23B000E8495F /* Assets.xcassets */,
				B1CA3AB72A0C23B000E8495F /* Preview Content */,
			);
			path = AppCaronas;
			sourceTree = "<group>";
		};
		B1CA3AB72A0C23B000E8495F /* Preview Content */ = {
			isa = PBXGroup;
			children = (
				B1CA3AB82A0C23B000E8495F /* Preview Assets.xcassets */,
			);
			path = "Preview Content";
			sourceTree = "<group>";
		};
		B1CA3ABF2A0C249B00E8495F /* CloudKit */ = {
			isa = PBXGroup;
			children = (
				B1CA3AC02A0C24B000E8495F /* CloudKitUtility.swift */,
				B1CA3AC22A0C253900E8495F /* GroupCRUD.swift */,
			);
			path = CloudKit;
			sourceTree = "<group>";
		};
/* End PBXGroup section */

/* Begin PBXNativeTarget section */
		B1CA3AAD2A0C23AF00E8495F /* AppCaronas */ = {
			isa = PBXNativeTarget;
			buildConfigurationList = B1CA3ABC2A0C23B000E8495F /* Build configuration list for PBXNativeTarget "AppCaronas" */;
			buildPhases = (
				B1CA3AAA2A0C23AF00E8495F /* Sources */,
				B1CA3AAB2A0C23AF00E8495F /* Frameworks */,
				B1CA3AAC2A0C23AF00E8495F /* Resources */,
			);
			buildRules = (
			);
			dependencies = (
			);
			name = AppCaronas;
			productName = AppCaronas;
			productReference = B1CA3AAE2A0C23AF00E8495F /* AppCaronas.app */;
			productType = "com.apple.product-type.application";
		};
/* End PBXNativeTarget section */

/* Begin PBXProject section */
		B1CA3AA62A0C23AE00E8495F /* Project object */ = {
			isa = PBXProject;
			attributes = {
				BuildIndependentTargetsInParallel = 1;
				LastSwiftUpdateCheck = 1430;
				LastUpgradeCheck = 1430;
				TargetAttributes = {
					B1CA3AAD2A0C23AF00E8495F = {
						CreatedOnToolsVersion = 14.3;
					};
				};
			};
			buildConfigurationList = B1CA3AA92A0C23AE00E8495F /* Build configuration list for PBXProject "AppCaronas" */;
			compatibilityVersion = "Xcode 14.0";
			developmentRegion = en;
			hasScannedForEncodings = 0;
			knownRegions = (
				en,
				Base,
			);
			mainGroup = B1CA3AA52A0C23AE00E8495F;
			productRefGroup = B1CA3AAF2A0C23AF00E8495F /* Products */;
			projectDirPath = "";
			projectRoot = "";
			targets = (
				B1CA3AAD2A0C23AF00E8495F /* AppCaronas */,
			);
		};
/* End PBXProject section */

/* Begin PBXResourcesBuildPhase section */
		B1CA3AAC2A0C23AF00E8495F /* Resources */ = {
			isa = PBXResourcesBuildPhase;
			buildActionMask = 2147483647;
			files = (
				B1CA3AB92A0C23B000E8495F /* Preview Assets.xcassets in Resources */,
				B1CA3AB62A0C23B000E8495F /* Assets.xcassets in Resources */,
			);
			runOnlyForDeploymentPostprocessing = 0;
		};
/* End PBXResourcesBuildPhase section */

/* Begin PBXSourcesBuildPhase section */
		B1CA3AAA2A0C23AF00E8495F /* Sources */ = {
			isa = PBXSourcesBuildPhase;
			buildActionMask = 2147483647;
			files = (
				7B7E33842A0D81A500B70DE8 /* FeedView.swift in Sources */,
				7B7E33922A0D845400B70DE8 /* CombinadosView.swift in Sources */,
				1CB4C0742A12AF8E004E9410 /* FilteredGroupView.swift in Sources */,
				7B7E33902A0D83B200B70DE8 /* TabBarView.swift in Sources */,
				B1CA3AB42A0C23AF00E8495F /* ContentView.swift in Sources */,
				7BCC127F2A12BD1200AAC6AF /* GroupDetailsView.swift in Sources */,
				7B7E33942A0D94F800B70DE8 /* PerfilView.swift in Sources */,
				B1CA3AC32A0C253900E8495F /* GroupCRUD.swift in Sources */,
				1CB4C0722A12AF75004E9410 /* AddressSearchView.swift in Sources */,
				7B7E33872A0D81CD00B70DE8 /* Group.swift in Sources */,
				7B7E33892A0D81EB00B70DE8 /* Person.swift in Sources */,
				1CB4C0642A12AE8F004E9410 /* WeekButtonView.swift in Sources */,
				B1CA3AC12A0C24B000E8495F /* CloudKitUtility.swift in Sources */,
				7B7E338E2A0D82E500B70DE8 /* GroupRow.swift in Sources */,
				1CB4C0662A12AE9D004E9410 /* TransportView.swift in Sources */,
				1CB4C06E2A12AED9004E9410 /* AddressCardView.swift in Sources */,
				B1CA3AB22A0C23AF00E8495F /* AppCaronasApp.swift in Sources */,
				1CB4C0702A12AF55004E9410 /* BuscarView.swift in Sources */,
				7BCC12812A12C5A500AAC6AF /* WeekView.swift in Sources */,
				7BCC12832A13F6D300AAC6AF /* CreateGroupView.swift in Sources */,
				1CB4C06C2A12AEC7004E9410 /* TimeSelectionView.swift in Sources */,
				1CB4C0682A12AEAB004E9410 /* FilterCardView.swift in Sources */,
				1CB4C06A2A12AEB9004E9410 /* RouteSelectionView.swift in Sources */,
			);
			runOnlyForDeploymentPostprocessing = 0;
		};
/* End PBXSourcesBuildPhase section */

/* Begin XCBuildConfiguration section */
		B1CA3ABA2A0C23B000E8495F /* Debug */ = {
			isa = XCBuildConfiguration;
			buildSettings = {
				ALWAYS_SEARCH_USER_PATHS = NO;
				CLANG_ANALYZER_NONNULL = YES;
				CLANG_ANALYZER_NUMBER_OBJECT_CONVERSION = YES_AGGRESSIVE;
				CLANG_CXX_LANGUAGE_STANDARD = "gnu++20";
				CLANG_ENABLE_MODULES = YES;
				CLANG_ENABLE_OBJC_ARC = YES;
				CLANG_ENABLE_OBJC_WEAK = YES;
				CLANG_WARN_BLOCK_CAPTURE_AUTORELEASING = YES;
				CLANG_WARN_BOOL_CONVERSION = YES;
				CLANG_WARN_COMMA = YES;
				CLANG_WARN_CONSTANT_CONVERSION = YES;
				CLANG_WARN_DEPRECATED_OBJC_IMPLEMENTATIONS = YES;
				CLANG_WARN_DIRECT_OBJC_ISA_USAGE = YES_ERROR;
				CLANG_WARN_DOCUMENTATION_COMMENTS = YES;
				CLANG_WARN_EMPTY_BODY = YES;
				CLANG_WARN_ENUM_CONVERSION = YES;
				CLANG_WARN_INFINITE_RECURSION = YES;
				CLANG_WARN_INT_CONVERSION = YES;
				CLANG_WARN_NON_LITERAL_NULL_CONVERSION = YES;
				CLANG_WARN_OBJC_IMPLICIT_RETAIN_SELF = YES;
				CLANG_WARN_OBJC_LITERAL_CONVERSION = YES;
				CLANG_WARN_OBJC_ROOT_CLASS = YES_ERROR;
				CLANG_WARN_QUOTED_INCLUDE_IN_FRAMEWORK_HEADER = YES;
				CLANG_WARN_RANGE_LOOP_ANALYSIS = YES;
				CLANG_WARN_STRICT_PROTOTYPES = YES;
				CLANG_WARN_SUSPICIOUS_MOVE = YES;
				CLANG_WARN_UNGUARDED_AVAILABILITY = YES_AGGRESSIVE;
				CLANG_WARN_UNREACHABLE_CODE = YES;
				CLANG_WARN__DUPLICATE_METHOD_MATCH = YES;
				COPY_PHASE_STRIP = NO;
				DEBUG_INFORMATION_FORMAT = dwarf;
				ENABLE_STRICT_OBJC_MSGSEND = YES;
				ENABLE_TESTABILITY = YES;
				GCC_C_LANGUAGE_STANDARD = gnu11;
				GCC_DYNAMIC_NO_PIC = NO;
				GCC_NO_COMMON_BLOCKS = YES;
				GCC_OPTIMIZATION_LEVEL = 0;
				GCC_PREPROCESSOR_DEFINITIONS = (
					"DEBUG=1",
					"$(inherited)",
				);
				GCC_WARN_64_TO_32_BIT_CONVERSION = YES;
				GCC_WARN_ABOUT_RETURN_TYPE = YES_ERROR;
				GCC_WARN_UNDECLARED_SELECTOR = YES;
				GCC_WARN_UNINITIALIZED_AUTOS = YES_AGGRESSIVE;
				GCC_WARN_UNUSED_FUNCTION = YES;
				GCC_WARN_UNUSED_VARIABLE = YES;
				IPHONEOS_DEPLOYMENT_TARGET = 16.4;
				MTL_ENABLE_DEBUG_INFO = INCLUDE_SOURCE;
				MTL_FAST_MATH = YES;
				ONLY_ACTIVE_ARCH = YES;
				SDKROOT = iphoneos;
				SWIFT_ACTIVE_COMPILATION_CONDITIONS = DEBUG;
				SWIFT_OPTIMIZATION_LEVEL = "-Onone";
			};
			name = Debug;
		};
		B1CA3ABB2A0C23B000E8495F /* Release */ = {
			isa = XCBuildConfiguration;
			buildSettings = {
				ALWAYS_SEARCH_USER_PATHS = NO;
				CLANG_ANALYZER_NONNULL = YES;
				CLANG_ANALYZER_NUMBER_OBJECT_CONVERSION = YES_AGGRESSIVE;
				CLANG_CXX_LANGUAGE_STANDARD = "gnu++20";
				CLANG_ENABLE_MODULES = YES;
				CLANG_ENABLE_OBJC_ARC = YES;
				CLANG_ENABLE_OBJC_WEAK = YES;
				CLANG_WARN_BLOCK_CAPTURE_AUTORELEASING = YES;
				CLANG_WARN_BOOL_CONVERSION = YES;
				CLANG_WARN_COMMA = YES;
				CLANG_WARN_CONSTANT_CONVERSION = YES;
				CLANG_WARN_DEPRECATED_OBJC_IMPLEMENTATIONS = YES;
				CLANG_WARN_DIRECT_OBJC_ISA_USAGE = YES_ERROR;
				CLANG_WARN_DOCUMENTATION_COMMENTS = YES;
				CLANG_WARN_EMPTY_BODY = YES;
				CLANG_WARN_ENUM_CONVERSION = YES;
				CLANG_WARN_INFINITE_RECURSION = YES;
				CLANG_WARN_INT_CONVERSION = YES;
				CLANG_WARN_NON_LITERAL_NULL_CONVERSION = YES;
				CLANG_WARN_OBJC_IMPLICIT_RETAIN_SELF = YES;
				CLANG_WARN_OBJC_LITERAL_CONVERSION = YES;
				CLANG_WARN_OBJC_ROOT_CLASS = YES_ERROR;
				CLANG_WARN_QUOTED_INCLUDE_IN_FRAMEWORK_HEADER = YES;
				CLANG_WARN_RANGE_LOOP_ANALYSIS = YES;
				CLANG_WARN_STRICT_PROTOTYPES = YES;
				CLANG_WARN_SUSPICIOUS_MOVE = YES;
				CLANG_WARN_UNGUARDED_AVAILABILITY = YES_AGGRESSIVE;
				CLANG_WARN_UNREACHABLE_CODE = YES;
				CLANG_WARN__DUPLICATE_METHOD_MATCH = YES;
				COPY_PHASE_STRIP = NO;
				DEBUG_INFORMATION_FORMAT = "dwarf-with-dsym";
				ENABLE_NS_ASSERTIONS = NO;
				ENABLE_STRICT_OBJC_MSGSEND = YES;
				GCC_C_LANGUAGE_STANDARD = gnu11;
				GCC_NO_COMMON_BLOCKS = YES;
				GCC_WARN_64_TO_32_BIT_CONVERSION = YES;
				GCC_WARN_ABOUT_RETURN_TYPE = YES_ERROR;
				GCC_WARN_UNDECLARED_SELECTOR = YES;
				GCC_WARN_UNINITIALIZED_AUTOS = YES_AGGRESSIVE;
				GCC_WARN_UNUSED_FUNCTION = YES;
				GCC_WARN_UNUSED_VARIABLE = YES;
				IPHONEOS_DEPLOYMENT_TARGET = 16.4;
				MTL_ENABLE_DEBUG_INFO = NO;
				MTL_FAST_MATH = YES;
				SDKROOT = iphoneos;
				SWIFT_COMPILATION_MODE = wholemodule;
				SWIFT_OPTIMIZATION_LEVEL = "-O";
				VALIDATE_PRODUCT = YES;
			};
			name = Release;
		};
		B1CA3ABD2A0C23B000E8495F /* Debug */ = {
			isa = XCBuildConfiguration;
			buildSettings = {
				ASSETCATALOG_COMPILER_APPICON_NAME = AppIcon;
				ASSETCATALOG_COMPILER_GLOBAL_ACCENT_COLOR_NAME = AccentColor;
				CODE_SIGN_ENTITLEMENTS = AppCaronas/AppCaronas.entitlements;
				CODE_SIGN_STYLE = Automatic;
				CURRENT_PROJECT_VERSION = 1;
				DEVELOPMENT_ASSET_PATHS = "\"AppCaronas/Preview Content\"";
				DEVELOPMENT_TEAM = 3BP9463775;
				ENABLE_PREVIEWS = YES;
				GENERATE_INFOPLIST_FILE = YES;
				INFOPLIST_KEY_UIApplicationSceneManifest_Generation = YES;
				INFOPLIST_KEY_UIApplicationSupportsIndirectInputEvents = YES;
				INFOPLIST_KEY_UILaunchScreen_Generation = YES;
				INFOPLIST_KEY_UISupportedInterfaceOrientations_iPad = "UIInterfaceOrientationPortrait UIInterfaceOrientationPortraitUpsideDown UIInterfaceOrientationLandscapeLeft UIInterfaceOrientationLandscapeRight";
				INFOPLIST_KEY_UISupportedInterfaceOrientations_iPhone = "UIInterfaceOrientationPortrait UIInterfaceOrientationLandscapeLeft UIInterfaceOrientationLandscapeRight";
				IPHONEOS_DEPLOYMENT_TARGET = 16.0;
				LD_RUNPATH_SEARCH_PATHS = (
					"$(inherited)",
					"@executable_path/Frameworks",
				);
				MARKETING_VERSION = 1.0;
				PRODUCT_BUNDLE_IDENTIFIER = com.filipeserafini.AppCaronas;
				PRODUCT_NAME = "$(TARGET_NAME)";
				SWIFT_EMIT_LOC_STRINGS = YES;
				SWIFT_VERSION = 5.0;
				TARGETED_DEVICE_FAMILY = "1,2";
			};
			name = Debug;
		};
		B1CA3ABE2A0C23B000E8495F /* Release */ = {
			isa = XCBuildConfiguration;
			buildSettings = {
				ASSETCATALOG_COMPILER_APPICON_NAME = AppIcon;
				ASSETCATALOG_COMPILER_GLOBAL_ACCENT_COLOR_NAME = AccentColor;
				CODE_SIGN_ENTITLEMENTS = AppCaronas/AppCaronas.entitlements;
				CODE_SIGN_STYLE = Automatic;
				CURRENT_PROJECT_VERSION = 1;
				DEVELOPMENT_ASSET_PATHS = "\"AppCaronas/Preview Content\"";
				DEVELOPMENT_TEAM = 3BP9463775;
				ENABLE_PREVIEWS = YES;
				GENERATE_INFOPLIST_FILE = YES;
				INFOPLIST_KEY_UIApplicationSceneManifest_Generation = YES;
				INFOPLIST_KEY_UIApplicationSupportsIndirectInputEvents = YES;
				INFOPLIST_KEY_UILaunchScreen_Generation = YES;
				INFOPLIST_KEY_UISupportedInterfaceOrientations_iPad = "UIInterfaceOrientationPortrait UIInterfaceOrientationPortraitUpsideDown UIInterfaceOrientationLandscapeLeft UIInterfaceOrientationLandscapeRight";
				INFOPLIST_KEY_UISupportedInterfaceOrientations_iPhone = "UIInterfaceOrientationPortrait UIInterfaceOrientationLandscapeLeft UIInterfaceOrientationLandscapeRight";
				IPHONEOS_DEPLOYMENT_TARGET = 16.0;
				LD_RUNPATH_SEARCH_PATHS = (
					"$(inherited)",
					"@executable_path/Frameworks",
				);
				MARKETING_VERSION = 1.0;
				PRODUCT_BUNDLE_IDENTIFIER = com.filipeserafini.AppCaronas;
				PRODUCT_NAME = "$(TARGET_NAME)";
				SWIFT_EMIT_LOC_STRINGS = YES;
				SWIFT_VERSION = 5.0;
				TARGETED_DEVICE_FAMILY = "1,2";
			};
			name = Release;
		};
/* End XCBuildConfiguration section */

/* Begin XCConfigurationList section */
		B1CA3AA92A0C23AE00E8495F /* Build configuration list for PBXProject "AppCaronas" */ = {
			isa = XCConfigurationList;
			buildConfigurations = (
				B1CA3ABA2A0C23B000E8495F /* Debug */,
				B1CA3ABB2A0C23B000E8495F /* Release */,
			);
			defaultConfigurationIsVisible = 0;
			defaultConfigurationName = Release;
		};
		B1CA3ABC2A0C23B000E8495F /* Build configuration list for PBXNativeTarget "AppCaronas" */ = {
			isa = XCConfigurationList;
			buildConfigurations = (
				B1CA3ABD2A0C23B000E8495F /* Debug */,
				B1CA3ABE2A0C23B000E8495F /* Release */,
			);
			defaultConfigurationIsVisible = 0;
			defaultConfigurationName = Release;
		};
/* End XCConfigurationList section */
	};
	rootObject = B1CA3AA62A0C23AE00E8495F /* Project object */;
}
